// !$*UTF8*$!
{
	archiveVersion = 1;
	classes = {
	};
	objectVersion = 50;
	objects = {

/* Begin PBXBuildFile section */
		4417372F2443346000044F6A /* AppDelegate.m in Sources */ = {isa = PBXBuildFile; fileRef = 4417372E2443346000044F6A /* AppDelegate.m */; };
		441737322443346000044F6A /* ViewController.m in Sources */ = {isa = PBXBuildFile; fileRef = 441737312443346000044F6A /* ViewController.m */; };
		441737342443346A00044F6A /* Assets.xcassets in Resources */ = {isa = PBXBuildFile; fileRef = 441737332443346A00044F6A /* Assets.xcassets */; };
		441737372443346A00044F6A /* Main.storyboard in Resources */ = {isa = PBXBuildFile; fileRef = 441737352443346A00044F6A /* Main.storyboard */; };
		4417373A2443346A00044F6A /* main.m in Sources */ = {isa = PBXBuildFile; fileRef = 441737392443346A00044F6A /* main.m */; };
		4417375324435C9000044F6A /* MailDetailsViewController.m in Sources */ = {isa = PBXBuildFile; fileRef = 4417375224435C9000044F6A /* MailDetailsViewController.m */; };
		4417375C244372B300044F6A /* SendMessageController.m in Sources */ = {isa = PBXBuildFile; fileRef = 4417375A244372B300044F6A /* SendMessageController.m */; };
		69A0FD37205379038CA6CE34 /* Pods_MailApp.framework in Frameworks */ = {isa = PBXBuildFile; fileRef = B054CC82FCFFD7E58F4D6E17 /* Pods_MailApp.framework */; };
/* End PBXBuildFile section */

/* Begin PBXFileReference section */
		4417372A2443346000044F6A /* MailApp.app */ = {isa = PBXFileReference; explicitFileType = wrapper.application; includeInIndex = 0; path = MailApp.app; sourceTree = BUILT_PRODUCTS_DIR; };
		4417372D2443346000044F6A /* AppDelegate.h */ = {isa = PBXFileReference; lastKnownFileType = sourcecode.c.h; path = AppDelegate.h; sourceTree = "<group>"; };
		4417372E2443346000044F6A /* AppDelegate.m */ = {isa = PBXFileReference; lastKnownFileType = sourcecode.c.objc; path = AppDelegate.m; sourceTree = "<group>"; };
		441737302443346000044F6A /* ViewController.h */ = {isa = PBXFileReference; lastKnownFileType = sourcecode.c.h; path = ViewController.h; sourceTree = "<group>"; };
		441737312443346000044F6A /* ViewController.m */ = {isa = PBXFileReference; lastKnownFileType = sourcecode.c.objc; path = ViewController.m; sourceTree = "<group>"; };
		441737332443346A00044F6A /* Assets.xcassets */ = {isa = PBXFileReference; lastKnownFileType = folder.assetcatalog; path = Assets.xcassets; sourceTree = "<group>"; };
		441737362443346A00044F6A /* Base */ = {isa = PBXFileReference; lastKnownFileType = file.storyboard; name = Base; path = Base.lproj/Main.storyboard; sourceTree = "<group>"; };
		441737382443346A00044F6A /* Info.plist */ = {isa = PBXFileReference; lastKnownFileType = text.plist.xml; path = Info.plist; sourceTree = "<group>"; };
		441737392443346A00044F6A /* main.m */ = {isa = PBXFileReference; lastKnownFileType = sourcecode.c.objc; path = main.m; sourceTree = "<group>"; };
		4417373B2443346A00044F6A /* MailApp.entitlements */ = {isa = PBXFileReference; lastKnownFileType = text.plist.entitlements; path = MailApp.entitlements; sourceTree = "<group>"; };
		4417375124435C9000044F6A /* MailDetailsViewController.h */ = {isa = PBXFileReference; lastKnownFileType = sourcecode.c.h; path = MailDetailsViewController.h; sourceTree = "<group>"; };
		4417375224435C9000044F6A /* MailDetailsViewController.m */ = {isa = PBXFileReference; lastKnownFileType = sourcecode.c.objc; path = MailDetailsViewController.m; sourceTree = "<group>"; };
		44173759244372B300044F6A /* SendMessageController.h */ = {isa = PBXFileReference; lastKnownFileType = sourcecode.c.h; path = SendMessageController.h; sourceTree = "<group>"; };
		4417375A244372B300044F6A /* SendMessageController.m */ = {isa = PBXFileReference; lastKnownFileType = sourcecode.c.objc; path = SendMessageController.m; sourceTree = "<group>"; };
		55A6697FEE7D57098C92BB35 /* Pods-MailApp.release.xcconfig */ = {isa = PBXFileReference; includeInIndex = 1; lastKnownFileType = text.xcconfig; name = "Pods-MailApp.release.xcconfig"; path = "Target Support Files/Pods-MailApp/Pods-MailApp.release.xcconfig"; sourceTree = "<group>"; };
		B054CC82FCFFD7E58F4D6E17 /* Pods_MailApp.framework */ = {isa = PBXFileReference; explicitFileType = wrapper.framework; includeInIndex = 0; path = Pods_MailApp.framework; sourceTree = BUILT_PRODUCTS_DIR; };
		B2B73FC141F12ADE92B1E076 /* Pods-MailApp.debug.xcconfig */ = {isa = PBXFileReference; includeInIndex = 1; lastKnownFileType = text.xcconfig; name = "Pods-MailApp.debug.xcconfig"; path = "Target Support Files/Pods-MailApp/Pods-MailApp.debug.xcconfig"; sourceTree = "<group>"; };
/* End PBXFileReference section */

/* Begin PBXFrameworksBuildPhase section */
		441737272443346000044F6A /* Frameworks */ = {
			isa = PBXFrameworksBuildPhase;
			buildActionMask = 2147483647;
			files = (
				69A0FD37205379038CA6CE34 /* Pods_MailApp.framework in Frameworks */,
			);
			runOnlyForDeploymentPostprocessing = 0;
		};
/* End PBXFrameworksBuildPhase section */

/* Begin PBXGroup section */
		441737212443346000044F6A = {
			isa = PBXGroup;
			children = (
				4417372C2443346000044F6A /* MailApp */,
				4417372B2443346000044F6A /* Products */,
				6250F9FCFA51B1DC57B073C2 /* Pods */,
				48CA9EAA0DE44559F47129FE /* Frameworks */,
			);
			sourceTree = "<group>";
		};
		4417372B2443346000044F6A /* Products */ = {
			isa = PBXGroup;
			children = (
				4417372A2443346000044F6A /* MailApp.app */,
			);
			name = Products;
			sourceTree = "<group>";
		};
		4417372C2443346000044F6A /* MailApp */ = {
			isa = PBXGroup;
			children = (
				4417372D2443346000044F6A /* AppDelegate.h */,
				4417372E2443346000044F6A /* AppDelegate.m */,
				441737302443346000044F6A /* ViewController.h */,
				441737312443346000044F6A /* ViewController.m */,
				44173759244372B300044F6A /* SendMessageController.h */,
				4417375A244372B300044F6A /* SendMessageController.m */,
				4417375124435C9000044F6A /* MailDetailsViewController.h */,
				4417375224435C9000044F6A /* MailDetailsViewController.m */,
				441737332443346A00044F6A /* Assets.xcassets */,
				441737352443346A00044F6A /* Main.storyboard */,
				441737382443346A00044F6A /* Info.plist */,
				441737392443346A00044F6A /* main.m */,
				4417373B2443346A00044F6A /* MailApp.entitlements */,
			);
			path = MailApp;
			sourceTree = "<group>";
		};
		48CA9EAA0DE44559F47129FE /* Frameworks */ = {
			isa = PBXGroup;
			children = (
				B054CC82FCFFD7E58F4D6E17 /* Pods_MailApp.framework */,
			);
			name = Frameworks;
			sourceTree = "<group>";
		};
		6250F9FCFA51B1DC57B073C2 /* Pods */ = {
			isa = PBXGroup;
			children = (
				B2B73FC141F12ADE92B1E076 /* Pods-MailApp.debug.xcconfig */,
				55A6697FEE7D57098C92BB35 /* Pods-MailApp.release.xcconfig */,
			);
			path = Pods;
			sourceTree = "<group>";
		};
/* End PBXGroup section */

/* Begin PBXNativeTarget section */
		441737292443346000044F6A /* MailApp */ = {
			isa = PBXNativeTarget;
			buildConfigurationList = 4417373E2443346A00044F6A /* Build configuration list for PBXNativeTarget "MailApp" */;
			buildPhases = (
				495DEE9442C8F830451854F4 /* [CP] Check Pods Manifest.lock */,
				441737262443346000044F6A /* Sources */,
				441737272443346000044F6A /* Frameworks */,
				441737282443346000044F6A /* Resources */,
			);
			buildRules = (
			);
			dependencies = (
			);
			name = MailApp;
			productName = MailApp;
			productReference = 4417372A2443346000044F6A /* MailApp.app */;
			productType = "com.apple.product-type.application";
		};
/* End PBXNativeTarget section */

/* Begin PBXProject section */
		441737222443346000044F6A /* Project object */ = {
			isa = PBXProject;
			attributes = {
				LastUpgradeCheck = 1140;
				ORGANIZATIONNAME = "Alex Koblik-Zelter";
				TargetAttributes = {
					441737292443346000044F6A = {
						CreatedOnToolsVersion = 11.4;
					};
				};
			};
			buildConfigurationList = 441737252443346000044F6A /* Build configuration list for PBXProject "MailApp" */;
			compatibilityVersion = "Xcode 9.3";
			developmentRegion = en;
			hasScannedForEncodings = 0;
			knownRegions = (
				en,
				Base,
			);
			mainGroup = 441737212443346000044F6A;
			productRefGroup = 4417372B2443346000044F6A /* Products */;
			projectDirPath = "";
			projectRoot = "";
			targets = (
				441737292443346000044F6A /* MailApp */,
			);
		};
/* End PBXProject section */

/* Begin PBXResourcesBuildPhase section */
		441737282443346000044F6A /* Resources */ = {
			isa = PBXResourcesBuildPhase;
			buildActionMask = 2147483647;
			files = (
				441737342443346A00044F6A /* Assets.xcassets in Resources */,
				441737372443346A00044F6A /* Main.storyboard in Resources */,
			);
			runOnlyForDeploymentPostprocessing = 0;
		};
/* End PBXResourcesBuildPhase section */

/* Begin PBXShellScriptBuildPhase section */
		495DEE9442C8F830451854F4 /* [CP] Check Pods Manifest.lock */ = {
			isa = PBXShellScriptBuildPhase;
			buildActionMask = 2147483647;
			files = (
			);
			inputFileListPaths = (
			);
			inputPaths = (
				"${PODS_PODFILE_DIR_PATH}/Podfile.lock",
				"${PODS_ROOT}/Manifest.lock",
			);
			name = "[CP] Check Pods Manifest.lock";
			outputFileListPaths = (
			);
			outputPaths = (
				"$(DERIVED_FILE_DIR)/Pods-MailApp-checkManifestLockResult.txt",
			);
			runOnlyForDeploymentPostprocessing = 0;
			shellPath = /bin/sh;
			shellScript = "diff \"${PODS_PODFILE_DIR_PATH}/Podfile.lock\" \"${PODS_ROOT}/Manifest.lock\" > /dev/null\nif [ $? != 0 ] ; then\n    # print error to STDERR\n    echo \"error: The sandbox is not in sync with the Podfile.lock. Run 'pod install' or update your CocoaPods installation.\" >&2\n    exit 1\nfi\n# This output is used by Xcode 'outputs' to avoid re-running this script phase.\necho \"SUCCESS\" > \"${SCRIPT_OUTPUT_FILE_0}\"\n";
			showEnvVarsInLog = 0;
		};
/* End PBXShellScriptBuildPhase section */

/* Begin PBXSourcesBuildPhase section */
		441737262443346000044F6A /* Sources */ = {
			isa = PBXSourcesBuildPhase;
			buildActionMask = 2147483647;
			files = (
				4417375C244372B300044F6A /* SendMessageController.m in Sources */,
				441737322443346000044F6A /* ViewController.m in Sources */,
				4417373A2443346A00044F6A /* main.m in Sources */,
				4417375324435C9000044F6A /* MailDetailsViewController.m in Sources */,
				4417372F2443346000044F6A /* AppDelegate.m in Sources */,
			);
			runOnlyForDeploymentPostprocessing = 0;
		};
/* End PBXSourcesBuildPhase section */

/* Begin PBXVariantGroup section */
		441737352443346A00044F6A /* Main.storyboard */ = {
			isa = PBXVariantGroup;
			children = (
				441737362443346A00044F6A /* Base */,
			);
			name = Main.storyboard;
			sourceTree = "<group>";
		};
/* End PBXVariantGroup section */

/* Begin XCBuildConfiguration section */
		4417373C2443346A00044F6A /* Debug */ = {
			isa = XCBuildConfiguration;
			buildSettings = {
				ALWAYS_SEARCH_USER_PATHS = NO;
				CLANG_ANALYZER_NONNULL = YES;
				CLANG_ANALYZER_NUMBER_OBJECT_CONVERSION = YES_AGGRESSIVE;
				CLANG_CXX_LANGUAGE_STANDARD = "gnu++14";
				CLANG_CXX_LIBRARY = "libc++";
				CLANG_ENABLE_MODULES = YES;
				CLANG_ENABLE_OBJC_ARC = YES;
				CLANG_ENABLE_OBJC_WEAK = YES;
				CLANG_WARN_BLOCK_CAPTURE_AUTORELEASING = YES;
				CLANG_WARN_BOOL_CONVERSION = YES;
				CLANG_WARN_COMMA = YES;
				CLANG_WARN_CONSTANT_CONVERSION = YES;
				CLANG_WARN_DEPRECATED_OBJC_IMPLEMENTATIONS = YES;
				CLANG_WARN_DIRECT_OBJC_ISA_USAGE = YES_ERROR;
				CLANG_WARN_DOCUMENTATION_COMMENTS = YES;
				CLANG_WARN_EMPTY_BODY = YES;
				CLANG_WARN_ENUM_CONVERSION = YES;
				CLANG_WARN_INFINITE_RECURSION = YES;
				CLANG_WARN_INT_CONVERSION = YES;
				CLANG_WARN_NON_LITERAL_NULL_CONVERSION = YES;
				CLANG_WARN_OBJC_IMPLICIT_RETAIN_SELF = YES;
				CLANG_WARN_OBJC_LITERAL_CONVERSION = YES;
				CLANG_WARN_OBJC_ROOT_CLASS = YES_ERROR;
				CLANG_WARN_RANGE_LOOP_ANALYSIS = YES;
				CLANG_WARN_STRICT_PROTOTYPES = YES;
				CLANG_WARN_SUSPICIOUS_MOVE = YES;
				CLANG_WARN_UNGUARDED_AVAILABILITY = YES_AGGRESSIVE;
				CLANG_WARN_UNREACHABLE_CODE = YES;
				CLANG_WARN__DUPLICATE_METHOD_MATCH = YES;
				COPY_PHASE_STRIP = NO;
				DEBUG_INFORMATION_FORMAT = dwarf;
				ENABLE_STRICT_OBJC_MSGSEND = YES;
				ENABLE_TESTABILITY = YES;
				GCC_C_LANGUAGE_STANDARD = gnu11;
				GCC_DYNAMIC_NO_PIC = NO;
				GCC_NO_COMMON_BLOCKS = YES;
				GCC_OPTIMIZATION_LEVEL = 0;
				GCC_PREPROCESSOR_DEFINITIONS = (
					"DEBUG=1",
					"$(inherited)",
				);
				GCC_WARN_64_TO_32_BIT_CONVERSION = YES;
				GCC_WARN_ABOUT_RETURN_TYPE = YES_ERROR;
				GCC_WARN_UNDECLARED_SELECTOR = YES;
				GCC_WARN_UNINITIALIZED_AUTOS = YES_AGGRESSIVE;
				GCC_WARN_UNUSED_FUNCTION = YES;
				GCC_WARN_UNUSED_VARIABLE = YES;
				MACOSX_DEPLOYMENT_TARGET = 10.15;
				MTL_ENABLE_DEBUG_INFO = INCLUDE_SOURCE;
				MTL_FAST_MATH = YES;
				ONLY_ACTIVE_ARCH = YES;
				SDKROOT = macosx;
			};
			name = Debug;
		};
		4417373D2443346A00044F6A /* Release */ = {
			isa = XCBuildConfiguration;
			buildSettings = {
				ALWAYS_SEARCH_USER_PATHS = NO;
				CLANG_ANALYZER_NONNULL = YES;
				CLANG_ANALYZER_NUMBER_OBJECT_CONVERSION = YES_AGGRESSIVE;
				CLANG_CXX_LANGUAGE_STANDARD = "gnu++14";
				CLANG_CXX_LIBRARY = "libc++";
				CLANG_ENABLE_MODULES = YES;
				CLANG_ENABLE_OBJC_ARC = YES;
				CLANG_ENABLE_OBJC_WEAK = YES;
				CLANG_WARN_BLOCK_CAPTURE_AUTORELEASING = YES;
				CLANG_WARN_BOOL_CONVERSION = YES;
				CLANG_WARN_COMMA = YES;
				CLANG_WARN_CONSTANT_CONVERSION = YES;
				CLANG_WARN_DEPRECATED_OBJC_IMPLEMENTATIONS = YES;
				CLANG_WARN_DIRECT_OBJC_ISA_USAGE = YES_ERROR;
				CLANG_WARN_DOCUMENTATION_COMMENTS = YES;
				CLANG_WARN_EMPTY_BODY = YES;
				CLANG_WARN_ENUM_CONVERSION = YES;
				CLANG_WARN_INFINITE_RECURSION = YES;
				CLANG_WARN_INT_CONVERSION = YES;
				CLANG_WARN_NON_LITERAL_NULL_CONVERSION = YES;
				CLANG_WARN_OBJC_IMPLICIT_RETAIN_SELF = YES;
				CLANG_WARN_OBJC_LITERAL_CONVERSION = YES;
				CLANG_WARN_OBJC_ROOT_CLASS = YES_ERROR;
				CLANG_WARN_RANGE_LOOP_ANALYSIS = YES;
				CLANG_WARN_STRICT_PROTOTYPES = YES;
				CLANG_WARN_SUSPICIOUS_MOVE = YES;
				CLANG_WARN_UNGUARDED_AVAILABILITY = YES_AGGRESSIVE;
				CLANG_WARN_UNREACHABLE_CODE = YES;
				CLANG_WARN__DUPLICATE_METHOD_MATCH = YES;
				COPY_PHASE_STRIP = NO;
				DEBUG_INFORMATION_FORMAT = "dwarf-with-dsym";
				ENABLE_NS_ASSERTIONS = NO;
				ENABLE_STRICT_OBJC_MSGSEND = YES;
				GCC_C_LANGUAGE_STANDARD = gnu11;
				GCC_NO_COMMON_BLOCKS = YES;
				GCC_WARN_64_TO_32_BIT_CONVERSION = YES;
				GCC_WARN_ABOUT_RETURN_TYPE = YES_ERROR;
				GCC_WARN_UNDECLARED_SELECTOR = YES;
				GCC_WARN_UNINITIALIZED_AUTOS = YES_AGGRESSIVE;
				GCC_WARN_UNUSED_FUNCTION = YES;
				GCC_WARN_UNUSED_VARIABLE = YES;
				MACOSX_DEPLOYMENT_TARGET = 10.15;
				MTL_ENABLE_DEBUG_INFO = NO;
				MTL_FAST_MATH = YES;
				SDKROOT = macosx;
			};
			name = Release;
		};
		4417373F2443346A00044F6A /* Debug */ = {
			isa = XCBuildConfiguration;
			baseConfigurationReference = B2B73FC141F12ADE92B1E076 /* Pods-MailApp.debug.xcconfig */;
			buildSettings = {
				ASSETCATALOG_COMPILER_APPICON_NAME = AppIcon;
				CODE_SIGN_ENTITLEMENTS = MailApp/MailApp.entitlements;
				CODE_SIGN_STYLE = Automatic;
				COMBINE_HIDPI_IMAGES = YES;
				DEVELOPMENT_TEAM = 6H3R3SVSKL;
				ENABLE_HARDENED_RUNTIME = YES;
				INFOPLIST_FILE = MailApp/Info.plist;
				LD_RUNPATH_SEARCH_PATHS = (
					"$(inherited)",
					"@executable_path/../Frameworks",
				);
				OTHER_LDFLAGS = (
					"$(inherited)",
					"-ObjC",
					"-l\"MailCore\"",
					"-l\"c++\"",
					"-l\"iconv\"",
					"-l\"resolv\"",
					"-l\"sasl2\"",
					"-l\"tidy\"",
					"-l\"xml2\"",
					"-l\"z\"",
				);
				PRODUCT_BUNDLE_IDENTIFIER = ackz.MailApp;
				PRODUCT_NAME = "$(TARGET_NAME)";
			};
			name = Debug;
		};
		441737402443346A00044F6A /* Release */ = {
			isa = XCBuildConfiguration;
			baseConfigurationReference = 55A6697FEE7D57098C92BB35 /* Pods-MailApp.release.xcconfig */;
			buildSettings = {
				ASSETCATALOG_COMPILER_APPICON_NAME = AppIcon;
				CODE_SIGN_ENTITLEMENTS = MailApp/MailApp.entitlements;
				CODE_SIGN_STYLE = Automatic;
				COMBINE_HIDPI_IMAGES = YES;
				DEVELOPMENT_TEAM = 6H3R3SVSKL;
				ENABLE_HARDENED_RUNTIME = YES;
				INFOPLIST_FILE = MailApp/Info.plist;
				LD_RUNPATH_SEARCH_PATHS = (
					"$(inherited)",
					"@executable_path/../Frameworks",
				);
				OTHER_LDFLAGS = (
					"$(inherited)",
					"-ObjC",
					"-l\"MailCore\"",
					"-l\"c++\"",
					"-l\"iconv\"",
					"-l\"resolv\"",
					"-l\"sasl2\"",
					"-l\"tidy\"",
					"-l\"xml2\"",
					"-l\"z\"",
				);
				PRODUCT_BUNDLE_IDENTIFIER = ackz.MailApp;
				PRODUCT_NAME = "$(TARGET_NAME)";
			};
			name = Release;
		};
/* End XCBuildConfiguration section */

/* Begin XCConfigurationList section */
		441737252443346000044F6A /* Build configuration list for PBXProject "MailApp" */ = {
			isa = XCConfigurationList;
			buildConfigurations = (
				4417373C2443346A00044F6A /* Debug */,
				4417373D2443346A00044F6A /* Release */,
			);
			defaultConfigurationIsVisible = 0;
			defaultConfigurationName = Release;
		};
		4417373E2443346A00044F6A /* Build configuration list for PBXNativeTarget "MailApp" */ = {
			isa = XCConfigurationList;
			buildConfigurations = (
				4417373F2443346A00044F6A /* Debug */,
				441737402443346A00044F6A /* Release */,
			);
			defaultConfigurationIsVisible = 0;
			defaultConfigurationName = Release;
		};
/* End XCConfigurationList section */
	};
	rootObject = 441737222443346000044F6A /* Project object */;
}
